
Microsoft Visual Studio Solution File, Format Version 12.00
# Visual Studio Version 17
VisualStudioVersion = 17.0.31903.59
MinimumVisualStudioVersion = 10.0.40219.1
Project("{9A19103F-16F7-4668-BE54-9A1E7A4F7556}") = "Entities", "Entities\Entities.csproj", "{5AAC05D5-6F9E-4D0E-AB72-A99E4BAA0861}"
EndProject
Project("{9A19103F-16F7-4668-BE54-9A1E7A4F7556}") = "WebApi", "WebApi\WebApi.csproj", "{DDC4B4A6-C46A-472B-8FAC-0153ADF93475}"
EndProject
Project("{9A19103F-16F7-4668-BE54-9A1E7A4F7556}") = "Repositories", "Repositories\Repositories.csproj", "{7E13886A-9274-4879-86F8-0CF58B8F0C05}"
EndProject
Project("{9A19103F-16F7-4668-BE54-9A1E7A4F7556}") = "Services", "Services\Services.csproj", "{50B67609-D7F0-4858-9349-545889FDF30C}"
EndProject
Project("{9A19103F-16F7-4668-BE54-9A1E7A4F7556}") = "Presentation", "Presentation\Presentation.csproj", "{5E7CA458-2E6E-474A-BEF0-A4EA4B31488B}"
EndProject
Project("{FAE04EC0-301F-11D3-BF4B-00C04F79EFBC}") = "AppUI", "AppUI\AppUI.csproj", "{056E5623-E844-43E7-8898-C1A90BB6FF40}"
EndProject
Global
	GlobalSection(SolutionConfigurationPlatforms) = preSolution
		Debug|Any CPU = Debug|Any CPU
		Release|Any CPU = Release|Any CPU
	EndGlobalSection
	GlobalSection(ProjectConfigurationPlatforms) = postSolution
		{5AAC05D5-6F9E-4D0E-AB72-A99E4BAA0861}.Debug|Any CPU.ActiveCfg = Debug|Any CPU
		{5AAC05D5-6F9E-4D0E-AB72-A99E4BAA0861}.Debug|Any CPU.Build.0 = Debug|Any CPU
		{5AAC05D5-6F9E-4D0E-AB72-A99E4BAA0861}.Release|Any CPU.ActiveCfg = Release|Any CPU
		{5AAC05D5-6F9E-4D0E-AB72-A99E4BAA0861}.Release|Any CPU.Build.0 = Release|Any CPU
		{DDC4B4A6-C46A-472B-8FAC-0153ADF93475}.Debug|Any CPU.ActiveCfg = Debug|Any CPU
		{DDC4B4A6-C46A-472B-8FAC-0153ADF93475}.Debug|Any CPU.Build.0 = Debug|Any CPU
		{DDC4B4A6-C46A-472B-8FAC-0153ADF93475}.Release|Any CPU.ActiveCfg = Release|Any CPU
		{DDC4B4A6-C46A-472B-8FAC-0153ADF93475}.Release|Any CPU.Build.0 = Release|Any CPU
		{7E13886A-9274-4879-86F8-0CF58B8F0C05}.Debug|Any CPU.ActiveCfg = Debug|Any CPU
		{7E13886A-9274-4879-86F8-0CF58B8F0C05}.Debug|Any CPU.Build.0 = Debug|Any CPU
		{7E13886A-9274-4879-86F8-0CF58B8F0C05}.Release|Any CPU.ActiveCfg = Release|Any CPU
		{7E13886A-9274-4879-86F8-0CF58B8F0C05}.Release|Any CPU.Build.0 = Release|Any CPU
		{50B67609-D7F0-4858-9349-545889FDF30C}.Debug|Any CPU.ActiveCfg = Debug|Any CPU
		{50B67609-D7F0-4858-9349-545889FDF30C}.Debug|Any CPU.Build.0 = Debug|Any CPU
		{50B67609-D7F0-4858-9349-545889FDF30C}.Release|Any CPU.ActiveCfg = Release|Any CPU
		{50B67609-D7F0-4858-9349-545889FDF30C}.Release|Any CPU.Build.0 = Release|Any CPU
		{5E7CA458-2E6E-474A-BEF0-A4EA4B31488B}.Debug|Any CPU.ActiveCfg = Debug|Any CPU
		{5E7CA458-2E6E-474A-BEF0-A4EA4B31488B}.Debug|Any CPU.Build.0 = Debug|Any CPU
		{5E7CA458-2E6E-474A-BEF0-A4EA4B31488B}.Release|Any CPU.ActiveCfg = Release|Any CPU
		{5E7CA458-2E6E-474A-BEF0-A4EA4B31488B}.Release|Any CPU.Build.0 = Release|Any CPU
		{056E5623-E844-43E7-8898-C1A90BB6FF40}.Debug|Any CPU.ActiveCfg = Debug|Any CPU
		{056E5623-E844-43E7-8898-C1A90BB6FF40}.Debug|Any CPU.Build.0 = Debug|Any CPU
		{056E5623-E844-43E7-8898-C1A90BB6FF40}.Release|Any CPU.ActiveCfg = Release|Any CPU
		{056E5623-E844-43E7-8898-C1A90BB6FF40}.Release|Any CPU.Build.0 = Release|Any CPU
	EndGlobalSection
	GlobalSection(SolutionProperties) = preSolution
		HideSolutionNode = FALSE
	EndGlobalSection
	GlobalSection(ExtensibilityGlobals) = postSolution
		SolutionGuid = {5386C3AC-1DBA-4284-A62A-9B705E191C52}
	EndGlobalSection
EndGlobal
